// !$*UTF8*$!
{
	archiveVersion = 1;
	classes = {
	};
	objectVersion = 46;
	objects = {

/* Begin PBXBuildFile section */
		8004608E1B24934A001CFCF0 /* main.cpp in Sources */ = {isa = PBXBuildFile; fileRef = 800460851B24934A001CFCF0 /* main.cpp */; };
		8004608F1B24934A001CFCF0 /* mesh.cpp in Sources */ = {isa = PBXBuildFile; fileRef = 800460871B24934A001CFCF0 /* mesh.cpp */; };
		800460901B24934A001CFCF0 /* raytracing.cpp in Sources */ = {isa = PBXBuildFile; fileRef = 800460891B24934A001CFCF0 /* raytracing.cpp */; };
		800460941B2495A2001CFCF0 /* OpenGL.framework in Frameworks */ = {isa = PBXBuildFile; fileRef = 800460931B2495A2001CFCF0 /* OpenGL.framework */; };
		800460961B2495A6001CFCF0 /* GLUT.framework in Frameworks */ = {isa = PBXBuildFile; fileRef = 800460951B2495A6001CFCF0 /* GLUT.framework */; };
		8004609A1B25CF3F001CFCF0 /* image_writer.cpp in Sources */ = {isa = PBXBuildFile; fileRef = 800460991B25CF3F001CFCF0 /* image_writer.cpp */; };
		8004609E1B25DA0C001CFCF0 /* scene.cpp in Sources */ = {isa = PBXBuildFile; fileRef = 8004609C1B25DA0C001CFCF0 /* scene.cpp */; };
		800460A71B25E84F001CFCF0 /* sphere.cpp in Sources */ = {isa = PBXBuildFile; fileRef = 800460A51B25E84F001CFCF0 /* sphere.cpp */; };
		800460AD1B2762D1001CFCF0 /* scene_node.cpp in Sources */ = {isa = PBXBuildFile; fileRef = 800460AC1B2762D1001CFCF0 /* scene_node.cpp */; };
		800460B61B28553E001CFCF0 /* aabb.cpp in Sources */ = {isa = PBXBuildFile; fileRef = 800460B41B28553E001CFCF0 /* aabb.cpp */; };
		8043A43A1B36F39E00A0C93A /* trackball.cpp in Sources */ = {isa = PBXBuildFile; fileRef = 8043A4391B36F39E00A0C93A /* trackball.cpp */; };
		8043A43B1B36F39E00A0C93A /* trackball.cpp in Sources */ = {isa = PBXBuildFile; fileRef = 8043A4391B36F39E00A0C93A /* trackball.cpp */; };
		8043A43E1B36F3B700A0C93A /* testray.cpp in Sources */ = {isa = PBXBuildFile; fileRef = 8043A43C1B36F3B700A0C93A /* testray.cpp */; };
		8043A43F1B36F3B700A0C93A /* testray.cpp in Sources */ = {isa = PBXBuildFile; fileRef = 8043A43C1B36F3B700A0C93A /* testray.cpp */; };
		8043A44E1B39993A00A0C93A /* kdnode.cpp in Sources */ = {isa = PBXBuildFile; fileRef = 8043A44C1B39993A00A0C93A /* kdnode.cpp */; };
		8043A44F1B39993A00A0C93A /* kdnode.cpp in Sources */ = {isa = PBXBuildFile; fileRef = 8043A44C1B39993A00A0C93A /* kdnode.cpp */; };
		A66B134E1B2F0A600014222F /* scene_node.cpp in Sources */ = {isa = PBXBuildFile; fileRef = 800460AC1B2762D1001CFCF0 /* scene_node.cpp */; };
		A66B134F1B2F0A600014222F /* sphere.cpp in Sources */ = {isa = PBXBuildFile; fileRef = 800460A51B25E84F001CFCF0 /* sphere.cpp */; };
		A66B13501B2F0A600014222F /* aabb.cpp in Sources */ = {isa = PBXBuildFile; fileRef = 800460B41B28553E001CFCF0 /* aabb.cpp */; };
		A66B13511B2F0A600014222F /* scene.cpp in Sources */ = {isa = PBXBuildFile; fileRef = 8004609C1B25DA0C001CFCF0 /* scene.cpp */; };
		A66B13521B2F0A600014222F /* image_writer.cpp in Sources */ = {isa = PBXBuildFile; fileRef = 800460991B25CF3F001CFCF0 /* image_writer.cpp */; };
		A66B13531B2F0A600014222F /* raytracing.cpp in Sources */ = {isa = PBXBuildFile; fileRef = 800460891B24934A001CFCF0 /* raytracing.cpp */; };
		A66B13541B2F0A600014222F /* mesh.cpp in Sources */ = {isa = PBXBuildFile; fileRef = 800460871B24934A001CFCF0 /* mesh.cpp */; };
		A66B13551B2F0A600014222F /* main.cpp in Sources */ = {isa = PBXBuildFile; fileRef = 800460851B24934A001CFCF0 /* main.cpp */; };
		A66B13581B2F0A600014222F /* GLUT.framework in Frameworks */ = {isa = PBXBuildFile; fileRef = 800460951B2495A6001CFCF0 /* GLUT.framework */; };
		A66B13591B2F0A600014222F /* OpenGL.framework in Frameworks */ = {isa = PBXBuildFile; fileRef = 800460931B2495A2001CFCF0 /* OpenGL.framework */; };
		A66B13601B2F11AB0014222F /* libiomp5.dylib in Frameworks */ = {isa = PBXBuildFile; fileRef = A66B135F1B2F11AB0014222F /* libiomp5.dylib */; };
		A66F7B121B3C0EDF0075A9C2 /* lodepng.cpp in Sources */ = {isa = PBXBuildFile; fileRef = A66F7B0C1B3C0EDF0075A9C2 /* lodepng.cpp */; };
		A66F7B131B3C0EDF0075A9C2 /* lodepng.cpp in Sources */ = {isa = PBXBuildFile; fileRef = A66F7B0C1B3C0EDF0075A9C2 /* lodepng.cpp */; };
		A66F7B141B3C0EDF0075A9C2 /* skybox.cpp in Sources */ = {isa = PBXBuildFile; fileRef = A66F7B0E1B3C0EDF0075A9C2 /* skybox.cpp */; };
		A66F7B151B3C0EDF0075A9C2 /* skybox.cpp in Sources */ = {isa = PBXBuildFile; fileRef = A66F7B0E1B3C0EDF0075A9C2 /* skybox.cpp */; };
		A66F7B161B3C0EDF0075A9C2 /* texture.cpp in Sources */ = {isa = PBXBuildFile; fileRef = A66F7B101B3C0EDF0075A9C2 /* texture.cpp */; };
		A66F7B171B3C0EDF0075A9C2 /* texture.cpp in Sources */ = {isa = PBXBuildFile; fileRef = A66F7B101B3C0EDF0075A9C2 /* texture.cpp */; };
		A66F7B291B3C9CCE0075A9C2 /* light.cpp in Sources */ = {isa = PBXBuildFile; fileRef = A66F7B271B3C9CCE0075A9C2 /* light.cpp */; };
		A66F7B2A1B3C9CCE0075A9C2 /* light.cpp in Sources */ = {isa = PBXBuildFile; fileRef = A66F7B271B3C9CCE0075A9C2 /* light.cpp */; };
/* End PBXBuildFile section */

/* Begin PBXCopyFilesBuildPhase section */
		8004606F1B2490FF001CFCF0 /* CopyFiles */ = {
			isa = PBXCopyFilesBuildPhase;
			buildActionMask = 2147483647;
			dstPath = /usr/share/man/man1/;
			dstSubfolderSpec = 0;
			files = (
			);
			runOnlyForDeploymentPostprocessing = 1;
		};
		A66B135A1B2F0A600014222F /* CopyFiles */ = {
			isa = PBXCopyFilesBuildPhase;
			buildActionMask = 2147483647;
			dstPath = /usr/share/man/man1/;
			dstSubfolderSpec = 0;
			files = (
			);
			runOnlyForDeploymentPostprocessing = 1;
		};
/* End PBXCopyFilesBuildPhase section */

/* Begin PBXFileReference section */
		800460711B2490FF001CFCF0 /* RayTracer */ = {isa = PBXFileReference; explicitFileType = "compiled.mach-o.executable"; includeInIndex = 0; path = RayTracer; sourceTree = BUILT_PRODUCTS_DIR; };
		800460821B249271001CFCF0 /* README.md */ = {isa = PBXFileReference; lastKnownFileType = net.daringfireball.markdown; path = README.md; sourceTree = "<group>"; };
		800460831B249271001CFCF0 /* STRUCTURE.md */ = {isa = PBXFileReference; lastKnownFileType = net.daringfireball.markdown; path = STRUCTURE.md; sourceTree = "<group>"; };
		800460841B24934A001CFCF0 /* image_writer.h */ = {isa = PBXFileReference; fileEncoding = 4; lastKnownFileType = sourcecode.c.h; path = image_writer.h; sourceTree = "<group>"; };
		800460851B24934A001CFCF0 /* main.cpp */ = {isa = PBXFileReference; fileEncoding = 4; lastKnownFileType = sourcecode.cpp.cpp; path = main.cpp; sourceTree = "<group>"; };
		800460861B24934A001CFCF0 /* matrix.h */ = {isa = PBXFileReference; fileEncoding = 4; lastKnownFileType = sourcecode.c.h; path = matrix.h; sourceTree = "<group>"; };
		800460871B24934A001CFCF0 /* mesh.cpp */ = {isa = PBXFileReference; fileEncoding = 4; lastKnownFileType = sourcecode.cpp.cpp; path = mesh.cpp; sourceTree = "<group>"; };
		800460881B24934A001CFCF0 /* mesh.h */ = {isa = PBXFileReference; fileEncoding = 4; lastKnownFileType = sourcecode.c.h; path = mesh.h; sourceTree = "<group>"; };
		800460891B24934A001CFCF0 /* raytracing.cpp */ = {isa = PBXFileReference; fileEncoding = 4; lastKnownFileType = sourcecode.cpp.cpp; path = raytracing.cpp; sourceTree = "<group>"; };
		8004608A1B24934A001CFCF0 /* raytracing.h */ = {isa = PBXFileReference; fileEncoding = 4; lastKnownFileType = sourcecode.c.h; path = raytracing.h; sourceTree = "<group>"; };
		8004608B1B24934A001CFCF0 /* trackball.h */ = {isa = PBXFileReference; fileEncoding = 4; lastKnownFileType = sourcecode.c.h; path = trackball.h; sourceTree = "<group>"; };
		8004608C1B24934A001CFCF0 /* vector3.h */ = {isa = PBXFileReference; fileEncoding = 4; lastKnownFileType = sourcecode.c.h; path = vector3.h; sourceTree = "<group>"; };
		8004608D1B24934A001CFCF0 /* vertex.h */ = {isa = PBXFileReference; fileEncoding = 4; lastKnownFileType = sourcecode.c.h; path = vertex.h; sourceTree = "<group>"; };
		800460911B24935F001CFCF0 /* resource */ = {isa = PBXFileReference; lastKnownFileType = folder; path = resource; sourceTree = "<group>"; };
		800460921B249389001CFCF0 /* doc */ = {isa = PBXFileReference; lastKnownFileType = folder; path = doc; sourceTree = "<group>"; };
		800460931B2495A2001CFCF0 /* OpenGL.framework */ = {isa = PBXFileReference; lastKnownFileType = wrapper.framework; name = OpenGL.framework; path = System/Library/Frameworks/OpenGL.framework; sourceTree = SDKROOT; };
		800460951B2495A6001CFCF0 /* GLUT.framework */ = {isa = PBXFileReference; lastKnownFileType = wrapper.framework; name = GLUT.framework; path = System/Library/Frameworks/GLUT.framework; sourceTree = SDKROOT; };
		800460981B25028A001CFCF0 /* platform.h */ = {isa = PBXFileReference; lastKnownFileType = sourcecode.c.h; path = platform.h; sourceTree = "<group>"; };
		800460991B25CF3F001CFCF0 /* image_writer.cpp */ = {isa = PBXFileReference; fileEncoding = 4; lastKnownFileType = sourcecode.cpp.cpp; path = image_writer.cpp; sourceTree = "<group>"; };
		8004609B1B25D36B001CFCF0 /* compiler_opt.h */ = {isa = PBXFileReference; lastKnownFileType = sourcecode.c.h; path = compiler_opt.h; sourceTree = "<group>"; };
		8004609C1B25DA0C001CFCF0 /* scene.cpp */ = {isa = PBXFileReference; fileEncoding = 4; lastKnownFileType = sourcecode.cpp.cpp; path = scene.cpp; sourceTree = "<group>"; };
		8004609D1B25DA0C001CFCF0 /* scene.h */ = {isa = PBXFileReference; fileEncoding = 4; lastKnownFileType = sourcecode.c.h; path = scene.h; sourceTree = "<group>"; };
		8004609F1B25DABD001CFCF0 /* material.h */ = {isa = PBXFileReference; lastKnownFileType = sourcecode.c.h; path = material.h; sourceTree = "<group>"; };
		800460A41B25E7D2001CFCF0 /* scene_node.h */ = {isa = PBXFileReference; lastKnownFileType = sourcecode.c.h; path = scene_node.h; sourceTree = "<group>"; };
		800460A51B25E84F001CFCF0 /* sphere.cpp */ = {isa = PBXFileReference; fileEncoding = 4; lastKnownFileType = sourcecode.cpp.cpp; path = sphere.cpp; sourceTree = "<group>"; };
		800460A61B25E84F001CFCF0 /* sphere.h */ = {isa = PBXFileReference; fileEncoding = 4; lastKnownFileType = sourcecode.c.h; path = sphere.h; sourceTree = "<group>"; };
		800460AC1B2762D1001CFCF0 /* scene_node.cpp */ = {isa = PBXFileReference; fileEncoding = 4; lastKnownFileType = sourcecode.cpp.cpp; path = scene_node.cpp; sourceTree = "<group>"; };
		800460AF1B277E2D001CFCF0 /* ray.h */ = {isa = PBXFileReference; lastKnownFileType = sourcecode.c.h; path = ray.h; sourceTree = "<group>"; };
		800460B01B279A0B001CFCF0 /* color.h */ = {isa = PBXFileReference; lastKnownFileType = sourcecode.c.h; path = color.h; sourceTree = "<group>"; };
		800460B41B28553E001CFCF0 /* aabb.cpp */ = {isa = PBXFileReference; fileEncoding = 4; lastKnownFileType = sourcecode.cpp.cpp; path = aabb.cpp; sourceTree = "<group>"; };
		800460B51B28553E001CFCF0 /* aabb.h */ = {isa = PBXFileReference; fileEncoding = 4; lastKnownFileType = sourcecode.c.h; path = aabb.h; sourceTree = "<group>"; };
		800460B71B286716001CFCF0 /* matrix4.h */ = {isa = PBXFileReference; lastKnownFileType = sourcecode.c.h; path = matrix4.h; sourceTree = "<group>"; };
		800460B81B28671F001CFCF0 /* vector4.h */ = {isa = PBXFileReference; lastKnownFileType = sourcecode.c.h; path = vector4.h; sourceTree = "<group>"; };
		8043A4351B30D11C00A0C93A /* config.h */ = {isa = PBXFileReference; lastKnownFileType = sourcecode.c.h; path = config.h; sourceTree = "<group>"; };
		8043A4391B36F39E00A0C93A /* trackball.cpp */ = {isa = PBXFileReference; fileEncoding = 4; lastKnownFileType = sourcecode.cpp.cpp; path = trackball.cpp; sourceTree = "<group>"; };
		8043A43C1B36F3B700A0C93A /* testray.cpp */ = {isa = PBXFileReference; fileEncoding = 4; lastKnownFileType = sourcecode.cpp.cpp; path = testray.cpp; sourceTree = "<group>"; };
		8043A43D1B36F3B700A0C93A /* testray.h */ = {isa = PBXFileReference; fileEncoding = 4; lastKnownFileType = sourcecode.c.h; path = testray.h; sourceTree = "<group>"; };
		8043A44C1B39993A00A0C93A /* kdnode.cpp */ = {isa = PBXFileReference; fileEncoding = 4; lastKnownFileType = sourcecode.cpp.cpp; path = kdnode.cpp; sourceTree = "<group>"; };
		8043A44D1B39993A00A0C93A /* kdnode.h */ = {isa = PBXFileReference; fileEncoding = 4; lastKnownFileType = sourcecode.c.h; path = kdnode.h; sourceTree = "<group>"; };
		8043A4501B39994000A0C93A /* triangle.h */ = {isa = PBXFileReference; lastKnownFileType = sourcecode.c.h; path = triangle.h; sourceTree = "<group>"; };
		A66B135E1B2F0A600014222F /* RayTracer OpenMP */ = {isa = PBXFileReference; explicitFileType = "compiled.mach-o.executable"; includeInIndex = 0; path = "RayTracer OpenMP"; sourceTree = BUILT_PRODUCTS_DIR; };
		A66B135F1B2F11AB0014222F /* libiomp5.dylib */ = {isa = PBXFileReference; lastKnownFileType = "compiled.mach-o.dylib"; name = libiomp5.dylib; path = ../../../../../../../usr/local/Cellar/libiomp/20150401/lib/libiomp5.dylib; sourceTree = "<group>"; };
		A66F7B0C1B3C0EDF0075A9C2 /* lodepng.cpp */ = {isa = PBXFileReference; fileEncoding = 4; lastKnownFileType = sourcecode.cpp.cpp; path = lodepng.cpp; sourceTree = "<group>"; };
		A66F7B0D1B3C0EDF0075A9C2 /* lodepng.h */ = {isa = PBXFileReference; fileEncoding = 4; lastKnownFileType = sourcecode.c.h; path = lodepng.h; sourceTree = "<group>"; };
		A66F7B0E1B3C0EDF0075A9C2 /* skybox.cpp */ = {isa = PBXFileReference; fileEncoding = 4; lastKnownFileType = sourcecode.cpp.cpp; path = skybox.cpp; sourceTree = "<group>"; };
		A66F7B0F1B3C0EDF0075A9C2 /* skybox.h */ = {isa = PBXFileReference; fileEncoding = 4; lastKnownFileType = sourcecode.c.h; path = skybox.h; sourceTree = "<group>"; };
		A66F7B101B3C0EDF0075A9C2 /* texture.cpp */ = {isa = PBXFileReference; fileEncoding = 4; lastKnownFileType = sourcecode.cpp.cpp; path = texture.cpp; sourceTree = "<group>"; };
		A66F7B111B3C0EDF0075A9C2 /* texture.h */ = {isa = PBXFileReference; fileEncoding = 4; lastKnownFileType = sourcecode.c.h; path = texture.h; sourceTree = "<group>"; };
		A66F7B271B3C9CCE0075A9C2 /* light.cpp */ = {isa = PBXFileReference; fileEncoding = 4; lastKnownFileType = sourcecode.cpp.cpp; path = light.cpp; sourceTree = "<group>"; };
		A66F7B281B3C9CCE0075A9C2 /* light.h */ = {isa = PBXFileReference; fileEncoding = 4; lastKnownFileType = sourcecode.c.h; path = light.h; sourceTree = "<group>"; };
/* End PBXFileReference section */

/* Begin PBXFrameworksBuildPhase section */
		8004606E1B2490FF001CFCF0 /* Frameworks */ = {
			isa = PBXFrameworksBuildPhase;
			buildActionMask = 2147483647;
			files = (
				800460961B2495A6001CFCF0 /* GLUT.framework in Frameworks */,
				800460941B2495A2001CFCF0 /* OpenGL.framework in Frameworks */,
			);
			runOnlyForDeploymentPostprocessing = 0;
		};
		A66B13571B2F0A600014222F /* Frameworks */ = {
			isa = PBXFrameworksBuildPhase;
			buildActionMask = 2147483647;
			files = (
				A66B13601B2F11AB0014222F /* libiomp5.dylib in Frameworks */,
				A66B13581B2F0A600014222F /* GLUT.framework in Frameworks */,
				A66B13591B2F0A600014222F /* OpenGL.framework in Frameworks */,
			);
			runOnlyForDeploymentPostprocessing = 0;
		};
/* End PBXFrameworksBuildPhase section */

/* Begin PBXGroup section */
		800460681B2490FF001CFCF0 = {
			isa = PBXGroup;
			children = (
				8004607B1B24915F001CFCF0 /* RayTracer */,
				800460971B2495AD001CFCF0 /* Frameworks */,
				800460721B2490FF001CFCF0 /* Products */,
			);
			sourceTree = "<group>";
		};
		800460721B2490FF001CFCF0 /* Products */ = {
			isa = PBXGroup;
			children = (
				800460711B2490FF001CFCF0 /* RayTracer */,
				A66B135E1B2F0A600014222F /* RayTracer OpenMP */,
			);
			name = Products;
			sourceTree = "<group>";
		};
		8004607B1B24915F001CFCF0 /* RayTracer */ = {
			isa = PBXGroup;
			children = (
				8004607D1B249222001CFCF0 /* src */,
				8004607F1B24922D001CFCF0 /* test */,
				800460911B24935F001CFCF0 /* resource */,
				800460921B249389001CFCF0 /* doc */,
				800460821B249271001CFCF0 /* README.md */,
				800460831B249271001CFCF0 /* STRUCTURE.md */,
			);
			name = RayTracer;
			sourceTree = "<group>";
		};
		8004607D1B249222001CFCF0 /* src */ = {
			isa = PBXGroup;
			children = (
				800460851B24934A001CFCF0 /* main.cpp */,
				8043A4391B36F39E00A0C93A /* trackball.cpp */,
				8004608B1B24934A001CFCF0 /* trackball.h */,
				800460A11B25DECA001CFCF0 /* math */,
				800460A01B25DEC0001CFCF0 /* scene */,
				8043A4501B39994000A0C93A /* triangle.h */,
				800460AE1B277DF3001CFCF0 /* raytracing */,
				800460A21B25DED4001CFCF0 /* misc */,
				8043A4351B30D11C00A0C93A /* config.h */,
			);
			path = src;
			sourceTree = "<group>";
		};
		8004607F1B24922D001CFCF0 /* test */ = {
			isa = PBXGroup;
			children = (
			);
			path = test;
			sourceTree = "<group>";
		};
		800460971B2495AD001CFCF0 /* Frameworks */ = {
			isa = PBXGroup;
			children = (
				A66B135F1B2F11AB0014222F /* libiomp5.dylib */,
				800460951B2495A6001CFCF0 /* GLUT.framework */,
				800460931B2495A2001CFCF0 /* OpenGL.framework */,
			);
			name = Frameworks;
			sourceTree = "<group>";
		};
		800460A01B25DEC0001CFCF0 /* scene */ = {
			isa = PBXGroup;
			children = (
				800460B91B28E091001CFCF0 /* boundingboxes */,
				800460A31B25DEEB001CFCF0 /* objects */,
				8004608D1B24934A001CFCF0 /* vertex.h */,
				8004609F1B25DABD001CFCF0 /* material.h */,
				8004609C1B25DA0C001CFCF0 /* scene.cpp */,
				8004609D1B25DA0C001CFCF0 /* scene.h */,
				A66F7B101B3C0EDF0075A9C2 /* texture.cpp */,
				A66F7B111B3C0EDF0075A9C2 /* texture.h */,
				8043A44C1B39993A00A0C93A /* kdnode.cpp */,
				8043A44D1B39993A00A0C93A /* kdnode.h */,
				A66F7B271B3C9CCE0075A9C2 /* light.cpp */,
				A66F7B281B3C9CCE0075A9C2 /* light.h */,
			);
			name = scene;
			sourceTree = "<group>";
		};
		800460A11B25DECA001CFCF0 /* math */ = {
			isa = PBXGroup;
			children = (
				800460861B24934A001CFCF0 /* matrix.h */,
				8004608C1B24934A001CFCF0 /* vector3.h */,
				800460B71B286716001CFCF0 /* matrix4.h */,
				800460B81B28671F001CFCF0 /* vector4.h */,
			);
			name = math;
			sourceTree = "<group>";
		};
		800460A21B25DED4001CFCF0 /* misc */ = {
			isa = PBXGroup;
			children = (
				800460981B25028A001CFCF0 /* platform.h */,
				8004609B1B25D36B001CFCF0 /* compiler_opt.h */,
				A66F7B0C1B3C0EDF0075A9C2 /* lodepng.cpp */,
				A66F7B0D1B3C0EDF0075A9C2 /* lodepng.h */,
				800460991B25CF3F001CFCF0 /* image_writer.cpp */,
				800460841B24934A001CFCF0 /* image_writer.h */,
			);
			name = misc;
			sourceTree = "<group>";
		};
		800460A31B25DEEB001CFCF0 /* objects */ = {
			isa = PBXGroup;
			children = (
				800460871B24934A001CFCF0 /* mesh.cpp */,
				800460881B24934A001CFCF0 /* mesh.h */,
				800460A51B25E84F001CFCF0 /* sphere.cpp */,
				800460A61B25E84F001CFCF0 /* sphere.h */,
				800460AC1B2762D1001CFCF0 /* scene_node.cpp */,
				800460A41B25E7D2001CFCF0 /* scene_node.h */,
				A66F7B0E1B3C0EDF0075A9C2 /* skybox.cpp */,
				A66F7B0F1B3C0EDF0075A9C2 /* skybox.h */,
			);
			name = objects;
			sourceTree = "<group>";
		};
		800460AE1B277DF3001CFCF0 /* raytracing */ = {
			isa = PBXGroup;
			children = (
				8043A43C1B36F3B700A0C93A /* testray.cpp */,
				8043A43D1B36F3B700A0C93A /* testray.h */,
				800460891B24934A001CFCF0 /* raytracing.cpp */,
				8004608A1B24934A001CFCF0 /* raytracing.h */,
				800460AF1B277E2D001CFCF0 /* ray.h */,
				800460B01B279A0B001CFCF0 /* color.h */,
			);
			name = raytracing;
			sourceTree = "<group>";
		};
		800460B91B28E091001CFCF0 /* boundingboxes */ = {
			isa = PBXGroup;
			children = (
				800460B41B28553E001CFCF0 /* aabb.cpp */,
				800460B51B28553E001CFCF0 /* aabb.h */,
			);
			name = boundingboxes;
			sourceTree = "<group>";
		};
/* End PBXGroup section */

/* Begin PBXNativeTarget section */
		800460701B2490FF001CFCF0 /* RayTracer */ = {
			isa = PBXNativeTarget;
			buildConfigurationList = 800460781B2490FF001CFCF0 /* Build configuration list for PBXNativeTarget "RayTracer" */;
			buildPhases = (
				8004606D1B2490FF001CFCF0 /* Sources */,
				8004606E1B2490FF001CFCF0 /* Frameworks */,
				8004606F1B2490FF001CFCF0 /* CopyFiles */,
			);
			buildRules = (
			);
			dependencies = (
			);
			name = RayTracer;
			productName = RayTracer;
			productReference = 800460711B2490FF001CFCF0 /* RayTracer */;
			productType = "com.apple.product-type.tool";
		};
		A66B134C1B2F0A600014222F /* RayTracer OpenMP */ = {
			isa = PBXNativeTarget;
			buildConfigurationList = A66B135B1B2F0A600014222F /* Build configuration list for PBXNativeTarget "RayTracer OpenMP" */;
			buildPhases = (
				A66B134D1B2F0A600014222F /* Sources */,
				A66B13571B2F0A600014222F /* Frameworks */,
				A66B135A1B2F0A600014222F /* CopyFiles */,
			);
			buildRules = (
			);
			dependencies = (
			);
			name = "RayTracer OpenMP";
			productName = RayTracer;
			productReference = A66B135E1B2F0A600014222F /* RayTracer OpenMP */;
			productType = "com.apple.product-type.tool";
		};
/* End PBXNativeTarget section */

/* Begin PBXProject section */
		800460691B2490FF001CFCF0 /* Project object */ = {
			isa = PBXProject;
			attributes = {
				LastUpgradeCheck = 0630;
				ORGANIZATIONNAME = "Delft University of Technology";
				TargetAttributes = {
					800460701B2490FF001CFCF0 = {
						CreatedOnToolsVersion = 6.3.2;
					};
				};
			};
			buildConfigurationList = 8004606C1B2490FF001CFCF0 /* Build configuration list for PBXProject "RayTracer" */;
			compatibilityVersion = "Xcode 3.2";
			developmentRegion = English;
			hasScannedForEncodings = 0;
			knownRegions = (
				en,
			);
			mainGroup = 800460681B2490FF001CFCF0;
			productRefGroup = 800460721B2490FF001CFCF0 /* Products */;
			projectDirPath = "";
			projectRoot = "";
			targets = (
				800460701B2490FF001CFCF0 /* RayTracer */,
				A66B134C1B2F0A600014222F /* RayTracer OpenMP */,
			);
		};
/* End PBXProject section */

/* Begin PBXSourcesBuildPhase section */
		8004606D1B2490FF001CFCF0 /* Sources */ = {
			isa = PBXSourcesBuildPhase;
			buildActionMask = 2147483647;
			files = (
				800460AD1B2762D1001CFCF0 /* scene_node.cpp in Sources */,
				800460A71B25E84F001CFCF0 /* sphere.cpp in Sources */,
				800460B61B28553E001CFCF0 /* aabb.cpp in Sources */,
				8004609E1B25DA0C001CFCF0 /* scene.cpp in Sources */,
				8043A43E1B36F3B700A0C93A /* testray.cpp in Sources */,
				8004609A1B25CF3F001CFCF0 /* image_writer.cpp in Sources */,
				8043A44E1B39993A00A0C93A /* kdnode.cpp in Sources */,
				800460901B24934A001CFCF0 /* raytracing.cpp in Sources */,
				A66F7B291B3C9CCE0075A9C2 /* light.cpp in Sources */,
				8043A43A1B36F39E00A0C93A /* trackball.cpp in Sources */,
				A66F7B121B3C0EDF0075A9C2 /* lodepng.cpp in Sources */,
				8004608F1B24934A001CFCF0 /* mesh.cpp in Sources */,
				A66F7B161B3C0EDF0075A9C2 /* texture.cpp in Sources */,
				A66F7B141B3C0EDF0075A9C2 /* skybox.cpp in Sources */,
				8004608E1B24934A001CFCF0 /* main.cpp in Sources */,
			);
			runOnlyForDeploymentPostprocessing = 0;
		};
		A66B134D1B2F0A600014222F /* Sources */ = {
			isa = PBXSourcesBuildPhase;
			buildActionMask = 2147483647;
			files = (
				A66B134E1B2F0A600014222F /* scene_node.cpp in Sources */,
				A66B134F1B2F0A600014222F /* sphere.cpp in Sources */,
				A66B13501B2F0A600014222F /* aabb.cpp in Sources */,
				A66B13511B2F0A600014222F /* scene.cpp in Sources */,
				8043A43F1B36F3B700A0C93A /* testray.cpp in Sources */,
				A66B13521B2F0A600014222F /* image_writer.cpp in Sources */,
				8043A44F1B39993A00A0C93A /* kdnode.cpp in Sources */,
				A66B13531B2F0A600014222F /* raytracing.cpp in Sources */,
				A66F7B2A1B3C9CCE0075A9C2 /* light.cpp in Sources */,
				8043A43B1B36F39E00A0C93A /* trackball.cpp in Sources */,
				A66F7B131B3C0EDF0075A9C2 /* lodepng.cpp in Sources */,
				A66B13541B2F0A600014222F /* mesh.cpp in Sources */,
				A66F7B171B3C0EDF0075A9C2 /* texture.cpp in Sources */,
				A66F7B151B3C0EDF0075A9C2 /* skybox.cpp in Sources */,
				A66B13551B2F0A600014222F /* main.cpp in Sources */,
			);
			runOnlyForDeploymentPostprocessing = 0;
		};
/* End PBXSourcesBuildPhase section */

/* Begin XCBuildConfiguration section */
		800460761B2490FF001CFCF0 /* Debug */ = {
			isa = XCBuildConfiguration;
			buildSettings = {
				ALWAYS_SEARCH_USER_PATHS = NO;
				CLANG_CXX_LANGUAGE_STANDARD = "gnu++0x";
				CLANG_CXX_LIBRARY = "libc++";
				CLANG_ENABLE_MODULES = YES;
				CLANG_ENABLE_OBJC_ARC = YES;
				CLANG_WARN_BOOL_CONVERSION = YES;
				CLANG_WARN_CONSTANT_CONVERSION = YES;
				CLANG_WARN_DIRECT_OBJC_ISA_USAGE = YES_ERROR;
				CLANG_WARN_EMPTY_BODY = YES;
				CLANG_WARN_ENUM_CONVERSION = YES;
				CLANG_WARN_INT_CONVERSION = YES;
				CLANG_WARN_OBJC_ROOT_CLASS = YES_ERROR;
				CLANG_WARN_UNREACHABLE_CODE = YES;
				CLANG_WARN__DUPLICATE_METHOD_MATCH = YES;
				COPY_PHASE_STRIP = NO;
				DEBUG_INFORMATION_FORMAT = dwarf;
				ENABLE_STRICT_OBJC_MSGSEND = YES;
				GCC_C_LANGUAGE_STANDARD = gnu99;
				GCC_DYNAMIC_NO_PIC = NO;
				GCC_NO_COMMON_BLOCKS = YES;
				GCC_OPTIMIZATION_LEVEL = 0;
				GCC_PREPROCESSOR_DEFINITIONS = (
					"DEBUG=1",
					"$(inherited)",
				);
				GCC_SYMBOLS_PRIVATE_EXTERN = NO;
				GCC_WARN_64_TO_32_BIT_CONVERSION = YES;
				GCC_WARN_ABOUT_RETURN_TYPE = YES_ERROR;
				GCC_WARN_UNDECLARED_SELECTOR = YES;
				GCC_WARN_UNINITIALIZED_AUTOS = YES_AGGRESSIVE;
				GCC_WARN_UNUSED_FUNCTION = YES;
				GCC_WARN_UNUSED_VARIABLE = YES;
				MACOSX_DEPLOYMENT_TARGET = 10.8;
				MTL_ENABLE_DEBUG_INFO = YES;
				ONLY_ACTIVE_ARCH = YES;
				SDKROOT = macosx;
				WARNING_CFLAGS = "-Wextra";
			};
			name = Debug;
		};
		800460771B2490FF001CFCF0 /* Release */ = {
			isa = XCBuildConfiguration;
			buildSettings = {
				ALWAYS_SEARCH_USER_PATHS = NO;
				CLANG_CXX_LANGUAGE_STANDARD = "gnu++0x";
				CLANG_CXX_LIBRARY = "libc++";
				CLANG_ENABLE_MODULES = YES;
				CLANG_ENABLE_OBJC_ARC = YES;
				CLANG_WARN_BOOL_CONVERSION = YES;
				CLANG_WARN_CONSTANT_CONVERSION = YES;
				CLANG_WARN_DIRECT_OBJC_ISA_USAGE = YES_ERROR;
				CLANG_WARN_EMPTY_BODY = YES;
				CLANG_WARN_ENUM_CONVERSION = YES;
				CLANG_WARN_INT_CONVERSION = YES;
				CLANG_WARN_OBJC_ROOT_CLASS = YES_ERROR;
				CLANG_WARN_UNREACHABLE_CODE = YES;
				CLANG_WARN__DUPLICATE_METHOD_MATCH = YES;
				COPY_PHASE_STRIP = NO;
				DEBUG_INFORMATION_FORMAT = "dwarf-with-dsym";
				ENABLE_NS_ASSERTIONS = NO;
				ENABLE_STRICT_OBJC_MSGSEND = YES;
				GCC_C_LANGUAGE_STANDARD = gnu99;
				GCC_NO_COMMON_BLOCKS = YES;
				GCC_WARN_64_TO_32_BIT_CONVERSION = YES;
				GCC_WARN_ABOUT_RETURN_TYPE = YES_ERROR;
				GCC_WARN_UNDECLARED_SELECTOR = YES;
				GCC_WARN_UNINITIALIZED_AUTOS = YES_AGGRESSIVE;
				GCC_WARN_UNUSED_FUNCTION = YES;
				GCC_WARN_UNUSED_VARIABLE = YES;
				MACOSX_DEPLOYMENT_TARGET = 10.8;
				MTL_ENABLE_DEBUG_INFO = NO;
				SDKROOT = macosx;
				WARNING_CFLAGS = "-Wextra";
			};
			name = Release;
		};
		800460791B2490FF001CFCF0 /* Debug */ = {
			isa = XCBuildConfiguration;
			buildSettings = {
				CLANG_CXX_LANGUAGE_STANDARD = "gnu++0x";
				GCC_OPTIMIZATION_LEVEL = 3;
				PRODUCT_NAME = "$(TARGET_NAME)";
			};
			name = Debug;
		};
		8004607A1B2490FF001CFCF0 /* Release */ = {
			isa = XCBuildConfiguration;
			buildSettings = {
				CLANG_CXX_LANGUAGE_STANDARD = "gnu++0x";
				PRODUCT_NAME = "$(TARGET_NAME)";
			};
			name = Release;
		};
		A66B135C1B2F0A600014222F /* Debug */ = {
			isa = XCBuildConfiguration;
			buildSettings = {
				CC = "/usr/local/bin/clang-omp";
				CLANG_CXX_LANGUAGE_STANDARD = "gnu++0x";
				CLANG_ENABLE_MODULES = NO;
				GCC_OPTIMIZATION_LEVEL = 3;
				GCC_VERSION = "";
				HEADER_SEARCH_PATHS = (
					"$(inherited)",
					/Applications/Xcode.app/Contents/Developer/Toolchains/XcodeDefault.xctoolchain/usr/include,
					/usr/local/include,
				);
				LIBRARY_SEARCH_PATHS = (
					"$(inherited)",
					/usr/local/Cellar/libiomp/20150401/lib,
				);
				OTHER_CFLAGS = "-fopenmp";
				PRODUCT_NAME = "RayTracer OpenMP";
				USEOMP = "";
			};
			name = Debug;
		};
		A66B135D1B2F0A600014222F /* Release */ = {
			isa = XCBuildConfiguration;
			buildSettings = {
				CC = "/usr/local/bin/clang-omp";
				CLANG_CXX_LANGUAGE_STANDARD = "gnu++0x";
				CLANG_ENABLE_MODULES = NO;
				GCC_VERSION = "";
				HEADER_SEARCH_PATHS = (
					"$(inherited)",
					/Applications/Xcode.app/Contents/Developer/Toolchains/XcodeDefault.xctoolchain/usr/include,
					/usr/local/include,
				);
				LIBRARY_SEARCH_PATHS = (
					"$(inherited)",
					/usr/local/Cellar/libiomp/20150401/lib,
				);
				OTHER_CFLAGS = "-fopenmp";
				PRODUCT_NAME = "RayTracer OpenMP";
				USEOMP = "";
			};
			name = Release;
		};
/* End XCBuildConfiguration section */

/* Begin XCConfigurationList section */
		8004606C1B2490FF001CFCF0 /* Build configuration list for PBXProject "RayTracer" */ = {
			isa = XCConfigurationList;
			buildConfigurations = (
				800460761B2490FF001CFCF0 /* Debug */,
				800460771B2490FF001CFCF0 /* Release */,
			);
			defaultConfigurationIsVisible = 0;
			defaultConfigurationName = Release;
		};
		800460781B2490FF001CFCF0 /* Build configuration list for PBXNativeTarget "RayTracer" */ = {
			isa = XCConfigurationList;
			buildConfigurations = (
				800460791B2490FF001CFCF0 /* Debug */,
				8004607A1B2490FF001CFCF0 /* Release */,
			);
			defaultConfigurationIsVisible = 0;
			defaultConfigurationName = Release;
		};
		A66B135B1B2F0A600014222F /* Build configuration list for PBXNativeTarget "RayTracer OpenMP" */ = {
			isa = XCConfigurationList;
			buildConfigurations = (
				A66B135C1B2F0A600014222F /* Debug */,
				A66B135D1B2F0A600014222F /* Release */,
			);
			defaultConfigurationIsVisible = 0;
			defaultConfigurationName = Release;
		};
/* End XCConfigurationList section */
	};
	rootObject = 800460691B2490FF001CFCF0 /* Project object */;
}
